// !$*UTF8*$!
{
	archiveVersion = 1;
	classes = {
	};
	objectVersion = 46;
	objects = {

/* Begin PBXBuildFile section */
		720044371A1FD74200374A09 /* AppDelegate.swift in Sources */ = {isa = PBXBuildFile; fileRef = 720044361A1FD74200374A09 /* AppDelegate.swift */; };
		720044391A1FD74200374A09 /* ViewController.swift in Sources */ = {isa = PBXBuildFile; fileRef = 720044381A1FD74200374A09 /* ViewController.swift */; };
		7200443C1A1FD74200374A09 /* Main.storyboard in Resources */ = {isa = PBXBuildFile; fileRef = 7200443A1A1FD74200374A09 /* Main.storyboard */; };
		7200443E1A1FD74200374A09 /* Images.xcassets in Resources */ = {isa = PBXBuildFile; fileRef = 7200443D1A1FD74200374A09 /* Images.xcassets */; };
		720044411A1FD74200374A09 /* LaunchScreen.xib in Resources */ = {isa = PBXBuildFile; fileRef = 7200443F1A1FD74200374A09 /* LaunchScreen.xib */; };
		7200444D1A1FD74200374A09 /* DogYearsTests.swift in Sources */ = {isa = PBXBuildFile; fileRef = 7200444C1A1FD74200374A09 /* DogYearsTests.swift */; };
/* End PBXBuildFile section */

/* Begin PBXContainerItemProxy section */
		720044471A1FD74200374A09 /* PBXContainerItemProxy */ = {
			isa = PBXContainerItemProxy;
			containerPortal = 720044291A1FD74200374A09 /* Project object */;
			proxyType = 1;
			remoteGlobalIDString = 720044301A1FD74200374A09;
			remoteInfo = DogYears;
		};
/* End PBXContainerItemProxy section */

/* Begin PBXFileReference section */
		720044311A1FD74200374A09 /* DogYears.app */ = {isa = PBXFileReference; explicitFileType = wrapper.application; includeInIndex = 0; path = DogYears.app; sourceTree = BUILT_PRODUCTS_DIR; };
		720044351A1FD74200374A09 /* Info.plist */ = {isa = PBXFileReference; lastKnownFileType = text.plist.xml; path = Info.plist; sourceTree = "<group>"; };
		720044361A1FD74200374A09 /* AppDelegate.swift */ = {isa = PBXFileReference; lastKnownFileType = sourcecode.swift; path = AppDelegate.swift; sourceTree = "<group>"; };
		720044381A1FD74200374A09 /* ViewController.swift */ = {isa = PBXFileReference; lastKnownFileType = sourcecode.swift; path = ViewController.swift; sourceTree = "<group>"; };
		7200443B1A1FD74200374A09 /* Base */ = {isa = PBXFileReference; lastKnownFileType = file.storyboard; name = Base; path = Base.lproj/Main.storyboard; sourceTree = "<group>"; };
		7200443D1A1FD74200374A09 /* Images.xcassets */ = {isa = PBXFileReference; lastKnownFileType = folder.assetcatalog; path = Images.xcassets; sourceTree = "<group>"; };
		720044401A1FD74200374A09 /* Base */ = {isa = PBXFileReference; lastKnownFileType = file.xib; name = Base; path = Base.lproj/LaunchScreen.xib; sourceTree = "<group>"; };
		720044461A1FD74200374A09 /* DogYearsTests.xctest */ = {isa = PBXFileReference; explicitFileType = wrapper.cfbundle; includeInIndex = 0; path = DogYearsTests.xctest; sourceTree = BUILT_PRODUCTS_DIR; };
		7200444B1A1FD74200374A09 /* Info.plist */ = {isa = PBXFileReference; lastKnownFileType = text.plist.xml; path = Info.plist; sourceTree = "<group>"; };
		7200444C1A1FD74200374A09 /* DogYearsTests.swift */ = {isa = PBXFileReference; lastKnownFileType = sourcecode.swift; path = DogYearsTests.swift; sourceTree = "<group>"; };
/* End PBXFileReference section */

/* Begin PBXFrameworksBuildPhase section */
		7200442E1A1FD74200374A09 /* Frameworks */ = {
			isa = PBXFrameworksBuildPhase;
			buildActionMask = 2147483647;
			files = (
			);
			runOnlyForDeploymentPostprocessing = 0;
		};
		720044431A1FD74200374A09 /* Frameworks */ = {
			isa = PBXFrameworksBuildPhase;
			buildActionMask = 2147483647;
			files = (
			);
			runOnlyForDeploymentPostprocessing = 0;
		};
/* End PBXFrameworksBuildPhase section */

/* Begin PBXGroup section */
		720044281A1FD74200374A09 = {
			isa = PBXGroup;
			children = (
				720044331A1FD74200374A09 /* DogYears */,
				720044491A1FD74200374A09 /* DogYearsTests */,
				720044321A1FD74200374A09 /* Products */,
			);
			sourceTree = "<group>";
		};
		720044321A1FD74200374A09 /* Products */ = {
			isa = PBXGroup;
			children = (
				720044311A1FD74200374A09 /* DogYears.app */,
				720044461A1FD74200374A09 /* DogYearsTests.xctest */,
			);
			name = Products;
			sourceTree = "<group>";
		};
		720044331A1FD74200374A09 /* DogYears */ = {
			isa = PBXGroup;
			children = (
				720044361A1FD74200374A09 /* AppDelegate.swift */,
				720044381A1FD74200374A09 /* ViewController.swift */,
				7200443A1A1FD74200374A09 /* Main.storyboard */,
				7200443D1A1FD74200374A09 /* Images.xcassets */,
				7200443F1A1FD74200374A09 /* LaunchScreen.xib */,
				720044341A1FD74200374A09 /* Supporting Files */,
			);
			path = DogYears;
			sourceTree = "<group>";
		};
		720044341A1FD74200374A09 /* Supporting Files */ = {
			isa = PBXGroup;
			children = (
				720044351A1FD74200374A09 /* Info.plist */,
			);
			name = "Supporting Files";
			sourceTree = "<group>";
		};
		720044491A1FD74200374A09 /* DogYearsTests */ = {
			isa = PBXGroup;
			children = (
				7200444C1A1FD74200374A09 /* DogYearsTests.swift */,
				7200444A1A1FD74200374A09 /* Supporting Files */,
			);
			path = DogYearsTests;
			sourceTree = "<group>";
		};
		7200444A1A1FD74200374A09 /* Supporting Files */ = {
			isa = PBXGroup;
			children = (
				7200444B1A1FD74200374A09 /* Info.plist */,
			);
			name = "Supporting Files";
			sourceTree = "<group>";
		};
/* End PBXGroup section */

/* Begin PBXNativeTarget section */
		720044301A1FD74200374A09 /* DogYears */ = {
			isa = PBXNativeTarget;
			buildConfigurationList = 720044501A1FD74200374A09 /* Build configuration list for PBXNativeTarget "DogYears" */;
			buildPhases = (
				7200442D1A1FD74200374A09 /* Sources */,
				7200442E1A1FD74200374A09 /* Frameworks */,
				7200442F1A1FD74200374A09 /* Resources */,
			);
			buildRules = (
			);
			dependencies = (
			);
			name = DogYears;
			productName = DogYears;
			productReference = 720044311A1FD74200374A09 /* DogYears.app */;
			productType = "com.apple.product-type.application";
		};
		720044451A1FD74200374A09 /* DogYearsTests */ = {
			isa = PBXNativeTarget;
			buildConfigurationList = 720044531A1FD74200374A09 /* Build configuration list for PBXNativeTarget "DogYearsTests" */;
			buildPhases = (
				720044421A1FD74200374A09 /* Sources */,
				720044431A1FD74200374A09 /* Frameworks */,
				720044441A1FD74200374A09 /* Resources */,
			);
			buildRules = (
			);
			dependencies = (
				720044481A1FD74200374A09 /* PBXTargetDependency */,
			);
			name = DogYearsTests;
			productName = DogYearsTests;
			productReference = 720044461A1FD74200374A09 /* DogYearsTests.xctest */;
			productType = "com.apple.product-type.bundle.unit-test";
		};
/* End PBXNativeTarget section */

/* Begin PBXProject section */
		720044291A1FD74200374A09 /* Project object */ = {
			isa = PBXProject;
			attributes = {
				LastUpgradeCheck = 0610;
				ORGANIZATIONNAME = Monteon;
				TargetAttributes = {
					720044301A1FD74200374A09 = {
						CreatedOnToolsVersion = 6.1;
					};
					720044451A1FD74200374A09 = {
						CreatedOnToolsVersion = 6.1;
						TestTargetID = 720044301A1FD74200374A09;
					};
				};
			};
			buildConfigurationList = 7200442C1A1FD74200374A09 /* Build configuration list for PBXProject "DogYears" */;
			compatibilityVersion = "Xcode 3.2";
			developmentRegion = English;
			hasScannedForEncodings = 0;
			knownRegions = (
				en,
				Base,
			);
			mainGroup = 720044281A1FD74200374A09;
			productRefGroup = 720044321A1FD74200374A09 /* Products */;
			projectDirPath = "";
			projectRoot = "";
			targets = (
				720044301A1FD74200374A09 /* DogYears */,
				720044451A1FD74200374A09 /* DogYearsTests */,
			);
		};
/* End PBXProject section */

/* Begin PBXResourcesBuildPhase section */
		7200442F1A1FD74200374A09 /* Resources */ = {
			isa = PBXResourcesBuildPhase;
			buildActionMask = 2147483647;
			files = (
				7200443C1A1FD74200374A09 /* Main.storyboard in Resources */,
				720044411A1FD74200374A09 /* LaunchScreen.xib in Resources */,
				7200443E1A1FD74200374A09 /* Images.xcassets in Resources */,
			);
			runOnlyForDeploymentPostprocessing = 0;
		};
		720044441A1FD74200374A09 /* Resources */ = {
			isa = PBXResourcesBuildPhase;
			buildActionMask = 2147483647;
			files = (
			);
			runOnlyForDeploymentPostprocessing = 0;
		};
/* End PBXResourcesBuildPhase section */

/* Begin PBXSourcesBuildPhase section */
		7200442D1A1FD74200374A09 /* Sources */ = {
			isa = PBXSourcesBuildPhase;
			buildActionMask = 2147483647;
			files = (
				720044391A1FD74200374A09 /* ViewController.swift in Sources */,
				720044371A1FD74200374A09 /* AppDelegate.swift in Sources */,
			);
			runOnlyForDeploymentPostprocessing = 0;
		};
		720044421A1FD74200374A09 /* Sources */ = {
			isa = PBXSourcesBuildPhase;
			buildActionMask = 2147483647;
			files = (
				7200444D1A1FD74200374A09 /* DogYearsTests.swift in Sources */,
			);
			runOnlyForDeploymentPostprocessing = 0;
		};
/* End PBXSourcesBuildPhase section */

/* Begin PBXTargetDependency section */
		720044481A1FD74200374A09 /* PBXTargetDependency */ = {
			isa = PBXTargetDependency;
			target = 720044301A1FD74200374A09 /* DogYears */;
			targetProxy = 720044471A1FD74200374A09 /* PBXContainerItemProxy */;
		};
/* End PBXTargetDependency section */

/* Begin PBXVariantGroup section */
		7200443A1A1FD74200374A09 /* Main.storyboard */ = {
			isa = PBXVariantGroup;
			children = (
				7200443B1A1FD74200374A09 /* Base */,
			);
			name = Main.storyboard;
			sourceTree = "<group>";
		};
		7200443F1A1FD74200374A09 /* LaunchScreen.xib */ = {
			isa = PBXVariantGroup;
			children = (
				720044401A1FD74200374A09 /* Base */,
			);
			name = LaunchScreen.xib;
			sourceTree = "<group>";
		};
/* End PBXVariantGroup section */

/* Begin XCBuildConfiguration section */
		7200444E1A1FD74200374A09 /* Debug */ = {
			isa = XCBuildConfiguration;
			buildSettings = {
				ALWAYS_SEARCH_USER_PATHS = NO;
				CLANG_CXX_LANGUAGE_STANDARD = "gnu++0x";
				CLANG_CXX_LIBRARY = "libc++";
				CLANG_ENABLE_MODULES = YES;
				CLANG_ENABLE_OBJC_ARC = YES;
				CLANG_WARN_BOOL_CONVERSION = YES;
				CLANG_WARN_CONSTANT_CONVERSION = YES;
				CLANG_WARN_DIRECT_OBJC_ISA_USAGE = YES_ERROR;
				CLANG_WARN_EMPTY_BODY = YES;
				CLANG_WARN_ENUM_CONVERSION = YES;
				CLANG_WARN_INT_CONVERSION = YES;
				CLANG_WARN_OBJC_ROOT_CLASS = YES_ERROR;
				CLANG_WARN_UNREACHABLE_CODE = YES;
				CLANG_WARN__DUPLICATE_METHOD_MATCH = YES;
				"CODE_SIGN_IDENTITY[sdk=iphoneos*]" = "iPhone Developer";
				COPY_PHASE_STRIP = NO;
				ENABLE_STRICT_OBJC_MSGSEND = YES;
				GCC_C_LANGUAGE_STANDARD = gnu99;
				GCC_DYNAMIC_NO_PIC = NO;
				GCC_OPTIMIZATION_LEVEL = 0;
				GCC_PREPROCESSOR_DEFINITIONS = (
					"DEBUG=1",
					"$(inherited)",
				);
				GCC_SYMBOLS_PRIVATE_EXTERN = NO;
				GCC_WARN_64_TO_32_BIT_CONVERSION = YES;
				GCC_WARN_ABOUT_RETURN_TYPE = YES_ERROR;
				GCC_WARN_UNDECLARED_SELECTOR = YES;
				GCC_WARN_UNINITIALIZED_AUTOS = YES_AGGRESSIVE;
				GCC_WARN_UNUSED_FUNCTION = YES;
				GCC_WARN_UNUSED_VARIABLE = YES;
				IPHONEOS_DEPLOYMENT_TARGET = 8.1;
				MTL_ENABLE_DEBUG_INFO = YES;
				ONLY_ACTIVE_ARCH = YES;
				SDKROOT = iphoneos;
				SWIFT_OPTIMIZATION_LEVEL = "-Onone";
				TARGETED_DEVICE_FAMILY = "1,2";
			};
			name = Debug;
		};
		7200444F1A1FD74200374A09 /* Release */ = {
			isa = XCBuildConfiguration;
			buildSettings = {
				ALWAYS_SEARCH_USER_PATHS = NO;
				CLANG_CXX_LANGUAGE_STANDARD = "gnu++0x";
				CLANG_CXX_LIBRARY = "libc++";
				CLANG_ENABLE_MODULES = YES;
				CLANG_ENABLE_OBJC_ARC = YES;
				CLANG_WARN_BOOL_CONVERSION = YES;
				CLANG_WARN_CONSTANT_CONVERSION = YES;
				CLANG_WARN_DIRECT_OBJC_ISA_USAGE = YES_ERROR;
				CLANG_WARN_EMPTY_BODY = YES;
				CLANG_WARN_ENUM_CONVERSION = YES;
				CLANG_WARN_INT_CONVERSION = YES;
				CLANG_WARN_OBJC_ROOT_CLASS = YES_ERROR;
				CLANG_WARN_UNREACHABLE_CODE = YES;
				CLANG_WARN__DUPLICATE_METHOD_MATCH = YES;
				"CODE_SIGN_IDENTITY[sdk=iphoneos*]" = "iPhone Developer";
				COPY_PHASE_STRIP = YES;
				ENABLE_NS_ASSERTIONS = NO;
				ENABLE_STRICT_OBJC_MSGSEND = YES;
				GCC_C_LANGUAGE_STANDARD = gnu99;
				GCC_WARN_64_TO_32_BIT_CONVERSION = YES;
				GCC_WARN_ABOUT_RETURN_TYPE = YES_ERROR;
				GCC_WARN_UNDECLARED_SELECTOR = YES;
				GCC_WARN_UNINITIALIZED_AUTOS = YES_AGGRESSIVE;
				GCC_WARN_UNUSED_FUNCTION = YES;
				GCC_WARN_UNUSED_VARIABLE = YES;
				IPHONEOS_DEPLOYMENT_TARGET = 8.1;
				MTL_ENABLE_DEBUG_INFO = NO;
				SDKROOT = iphoneos;
				TARGETED_DEVICE_FAMILY = "1,2";
				VALIDATE_PRODUCT = YES;
			};
			name = Release;
		};
		720044511A1FD74200374A09 /* Debug */ = {
			isa = XCBuildConfiguration;
			buildSettings = {
				ASSETCATALOG_COMPILER_APPICON_NAME = AppIcon;
				INFOPLIST_FILE = DogYears/Info.plist;
				LD_RUNPATH_SEARCH_PATHS = "$(inherited) @executable_path/Frameworks";
				PRODUCT_NAME = "$(TARGET_NAME)";
			};
			name = Debug;
		};
		720044521A1FD74200374A09 /* Release */ = {
			isa = XCBuildConfiguration;
			buildSettings = {
				ASSETCATALOG_COMPILER_APPICON_NAME = AppIcon;
				INFOPLIST_FILE = DogYears/Info.plist;
				LD_RUNPATH_SEARCH_PATHS = "$(inherited) @executable_path/Frameworks";
				PRODUCT_NAME = "$(TARGET_NAME)";
			};
			name = Release;
		};
		720044541A1FD74200374A09 /* Debug */ = {
			isa = XCBuildConfiguration;
			buildSettings = {
				BUNDLE_LOADER = "$(TEST_HOST)";
				FRAMEWORK_SEARCH_PATHS = (
					"$(SDKROOT)/Developer/Library/Frameworks",
					"$(inherited)",
				);
				GCC_PREPROCESSOR_DEFINITIONS = (
					"DEBUG=1",
					"$(inherited)",
				);
				INFOPLIST_FILE = DogYearsTests/Info.plist;
				LD_RUNPATH_SEARCH_PATHS = "$(inherited) @executable_path/Frameworks @loader_path/Frameworks";
				PRODUCT_NAME = "$(TARGET_NAME)";
				TEST_HOST = "$(BUILT_PRODUCTS_DIR)/DogYears.app/DogYears";
			};
			name = Debug;
		};
		720044551A1FD74200374A09 /* Release */ = {
			isa = XCBuildConfiguration;
			buildSettings = {
				BUNDLE_LOADER = "$(TEST_HOST)";
				FRAMEWORK_SEARCH_PATHS = (
					"$(SDKROOT)/Developer/Library/Frameworks",
					"$(inherited)",
				);
				INFOPLIST_FILE = DogYearsTests/Info.plist;
				LD_RUNPATH_SEARCH_PATHS = "$(inherited) @executable_path/Frameworks @loader_path/Frameworks";
				PRODUCT_NAME = "$(TARGET_NAME)";
				TEST_HOST = "$(BUILT_PRODUCTS_DIR)/DogYears.app/DogYears";
			};
			name = Release;
		};
/* End XCBuildConfiguration section */

/* Begin XCConfigurationList section */
		7200442C1A1FD74200374A09 /* Build configuration list for PBXProject "DogYears" */ = {
			isa = XCConfigurationList;
			buildConfigurations = (
				7200444E1A1FD74200374A09 /* Debug */,
				7200444F1A1FD74200374A09 /* Release */,
			);
			defaultConfigurationIsVisible = 0;
			defaultConfigurationName = Release;
		};
		720044501A1FD74200374A09 /* Build configuration list for PBXNativeTarget "DogYears" */ = {
			isa = XCConfigurationList;
			buildConfigurations = (
				720044511A1FD74200374A09 /* Debug */,
				720044521A1FD74200374A09 /* Release */,
			);
			defaultConfigurationIsVisible = 0;
		};
		720044531A1FD74200374A09 /* Build configuration list for PBXNativeTarget "DogYearsTests" */ = {
			isa = XCConfigurationList;
			buildConfigurations = (
				720044541A1FD74200374A09 /* Debug */,
				720044551A1FD74200374A09 /* Release */,
			);
			defaultConfigurationIsVisible = 0;
		};
/* End XCConfigurationList section */
	};
	rootObject = 720044291A1FD74200374A09 /* Project object */;
}
